
Microsoft Visual Studio Solution File, Format Version 12.00
# Visual Studio Version 17
VisualStudioVersion = 17.0.31919.166
MinimumVisualStudioVersion = 10.0.40219.1
Project("{FAE04EC0-301F-11D3-BF4B-00C04F79EFBC}") = "FakeBitcoinWalletMiner", "FakeBitcoinWalletMiner\FakeBitcoinWalletMiner.csproj", "{BF70097F-BFD9-4188-ACEF-D72AF4622A85}"
EndProject
Global
	GlobalSection(SolutionConfigurationPlatforms) = preSolution
		Debug|Any CPU = Debug|Any CPU
		Release|Any CPU = Release|Any CPU
	EndGlobalSection
	GlobalSection(ProjectConfigurationPlatforms) = postSolution
		{BF70097F-BFD9-4188-ACEF-D72AF4622A85}.Debug|Any CPU.ActiveCfg = Debug|Any CPU
		{BF70097F-BFD9-4188-ACEF-D72AF4622A85}.Debug|Any CPU.Build.0 = Debug|Any CPU
		{BF70097F-BFD9-4188-ACEF-D72AF4622A85}.Release|Any CPU.ActiveCfg = Release|Any CPU
		{BF70097F-BFD9-4188-ACEF-D72AF4622A85}.Release|Any CPU.Build.0 = Release|Any CPU
	EndGlobalSection
	GlobalSection(SolutionProperties) = preSolution
		HideSolutionNode = FALSE
	EndGlobalSection
	GlobalSection(ExtensibilityGlobals) = postSolution
		SolutionGuid = {82A73036-C3B5-432E-8351-CF46C180F5C7}
	EndGlobalSection
EndGlobal
